{
  "name": "smlib",
  "version": "0.1.0",
  "dependencies": {
    "moment": {
      "version": "2.15.2",
      "from": "moment@>=2.15.0 <2.16.0",
      "resolved": "https://registry.npmjs.org/moment/-/moment-2.15.2.tgz"
    },
    "moment-timezone": {
      "version": "0.5.7",
      "from": "moment-timezone@>=0.5.0 <0.6.0",
      "resolved": "https://registry.npmjs.org/moment-timezone/-/moment-timezone-0.5.7.tgz"
    },
    "unorm": {
      "version": "1.4.1",
      "from": "unorm@>=1.4.0 <1.5.0",
      "resolved": "https://registry.npmjs.org/unorm/-/unorm-1.4.1.tgz"
    },
    "validator": {
      "version": "6.1.0",
      "from": "validator@>=6.1.0 <7.0.0",
      "resolved": "https://registry.npmjs.org/validator/-/validator-6.1.0.tgz"
    },
    "xregexp": {
      "version": "3.1.1",
      "from": "xregexp@>=3.1.0 <3.2.0",
      "resolved": "https://registry.npmjs.org/xregexp/-/xregexp-3.1.1.tgz"
    }
  }
}
