{
  "name": "smlib",
  "version": "0.1.0",
  "dependencies": {
    "argparse": {
      "version": "1.0.9",
      "from": "argparse@>=1.0.7 <2.0.0",
      "resolved": "https://registry.npmjs.org/argparse/-/argparse-1.0.9.tgz"
    },
    "esprima": {
      "version": "2.7.3",
      "from": "esprima@>=2.6.0 <3.0.0",
      "resolved": "https://registry.npmjs.org/esprima/-/esprima-2.7.3.tgz"
    },
    "hjson": {
      "version": "2.3.1",
      "from": "hjson@>=2.3.0 <2.4.0",
      "resolved": "https://registry.npmjs.org/hjson/-/hjson-2.3.1.tgz"
    },
    "js-yaml": {
      "version": "3.6.1",
      "from": "js-yaml@>=3.6.0 <3.7.0",
      "resolved": "https://registry.npmjs.org/js-yaml/-/js-yaml-3.6.1.tgz"
    },
    "moment": {
      "version": "2.15.2",
      "from": "moment@>=2.15.0 <2.16.0",
      "resolved": "https://registry.npmjs.org/moment/-/moment-2.15.2.tgz"
    },
    "moment-timezone": {
      "version": "0.5.9",
      "from": "moment-timezone@>=0.5.0 <0.6.0",
      "resolved": "https://registry.npmjs.org/moment-timezone/-/moment-timezone-0.5.9.tgz"
    },
    "sprintf-js": {
      "version": "1.0.3",
      "from": "sprintf-js@>=1.0.2 <1.1.0",
      "resolved": "https://registry.npmjs.org/sprintf-js/-/sprintf-js-1.0.3.tgz"
    },
    "unorm": {
      "version": "1.4.1",
      "from": "unorm@>=1.4.0 <1.5.0",
      "resolved": "https://registry.npmjs.org/unorm/-/unorm-1.4.1.tgz"
    },
    "validator": {
      "version": "6.1.0",
      "from": "validator@>=6.1.0 <6.2.0",
      "resolved": "https://registry.npmjs.org/validator/-/validator-6.1.0.tgz"
    },
    "xregexp": {
      "version": "3.1.1",
      "from": "xregexp@>=3.1.0 <3.2.0",
      "resolved": "https://registry.npmjs.org/xregexp/-/xregexp-3.1.1.tgz"
    }
  }
}
